
Microsoft Visual Studio Solution File, Format Version 12.00
# Visual Studio Version 16
VisualStudioVersion = 16.6.30114.105
MinimumVisualStudioVersion = 10.0.40219.1
Project("{FAE04EC0-301F-11D3-BF4B-00C04F79EFBC}") = "1 - WebAPI", "1 - WebAPI\1 - WebAPI.csproj", "{66157E96-C37E-49A5-B292-B0AC07D6601B}"
EndProject
Project("{FAE04EC0-301F-11D3-BF4B-00C04F79EFBC}") = "2 - Domain", "2 - Domain\2 - Domain.csproj", "{2F13A497-6919-4C33-831B-3EDECE2EE748}"
EndProject
Project("{FAE04EC0-301F-11D3-BF4B-00C04F79EFBC}") = "3 - Infrastructure", "3 - Infrastructure\3 - Infrastructure.csproj", "{818EDB03-ADBF-4CDC-BAA4-52FF72173D4A}"
EndProject
Project("{FAE04EC0-301F-11D3-BF4B-00C04F79EFBC}") = "4 - Domain Tests", "4 - Domain Tests\4 - Domain Tests.csproj", "{5CFC1219-06F1-4C51-B638-65BDF3D76244}"
EndProject
Global
	GlobalSection(SolutionConfigurationPlatforms) = preSolution
		Debug|Any CPU = Debug|Any CPU
		Debug|x64 = Debug|x64
		Debug|x86 = Debug|x86
		Release|Any CPU = Release|Any CPU
		Release|x64 = Release|x64
		Release|x86 = Release|x86
	EndGlobalSection
	GlobalSection(SolutionProperties) = preSolution
		HideSolutionNode = FALSE
	EndGlobalSection
	GlobalSection(ProjectConfigurationPlatforms) = postSolution
		{66157E96-C37E-49A5-B292-B0AC07D6601B}.Debug|Any CPU.ActiveCfg = Debug|Any CPU
		{66157E96-C37E-49A5-B292-B0AC07D6601B}.Debug|Any CPU.Build.0 = Debug|Any CPU
		{66157E96-C37E-49A5-B292-B0AC07D6601B}.Debug|x64.ActiveCfg = Debug|Any CPU
		{66157E96-C37E-49A5-B292-B0AC07D6601B}.Debug|x64.Build.0 = Debug|Any CPU
		{66157E96-C37E-49A5-B292-B0AC07D6601B}.Debug|x86.ActiveCfg = Debug|Any CPU
		{66157E96-C37E-49A5-B292-B0AC07D6601B}.Debug|x86.Build.0 = Debug|Any CPU
		{66157E96-C37E-49A5-B292-B0AC07D6601B}.Release|Any CPU.ActiveCfg = Release|Any CPU
		{66157E96-C37E-49A5-B292-B0AC07D6601B}.Release|Any CPU.Build.0 = Release|Any CPU
		{66157E96-C37E-49A5-B292-B0AC07D6601B}.Release|x64.ActiveCfg = Release|Any CPU
		{66157E96-C37E-49A5-B292-B0AC07D6601B}.Release|x64.Build.0 = Release|Any CPU
		{66157E96-C37E-49A5-B292-B0AC07D6601B}.Release|x86.ActiveCfg = Release|Any CPU
		{66157E96-C37E-49A5-B292-B0AC07D6601B}.Release|x86.Build.0 = Release|Any CPU
		{2F13A497-6919-4C33-831B-3EDECE2EE748}.Debug|Any CPU.ActiveCfg = Debug|Any CPU
		{2F13A497-6919-4C33-831B-3EDECE2EE748}.Debug|Any CPU.Build.0 = Debug|Any CPU
		{2F13A497-6919-4C33-831B-3EDECE2EE748}.Debug|x64.ActiveCfg = Debug|Any CPU
		{2F13A497-6919-4C33-831B-3EDECE2EE748}.Debug|x64.Build.0 = Debug|Any CPU
		{2F13A497-6919-4C33-831B-3EDECE2EE748}.Debug|x86.ActiveCfg = Debug|Any CPU
		{2F13A497-6919-4C33-831B-3EDECE2EE748}.Debug|x86.Build.0 = Debug|Any CPU
		{2F13A497-6919-4C33-831B-3EDECE2EE748}.Release|Any CPU.ActiveCfg = Release|Any CPU
		{2F13A497-6919-4C33-831B-3EDECE2EE748}.Release|Any CPU.Build.0 = Release|Any CPU
		{2F13A497-6919-4C33-831B-3EDECE2EE748}.Release|x64.ActiveCfg = Release|Any CPU
		{2F13A497-6919-4C33-831B-3EDECE2EE748}.Release|x64.Build.0 = Release|Any CPU
		{2F13A497-6919-4C33-831B-3EDECE2EE748}.Release|x86.ActiveCfg = Release|Any CPU
		{2F13A497-6919-4C33-831B-3EDECE2EE748}.Release|x86.Build.0 = Release|Any CPU
		{818EDB03-ADBF-4CDC-BAA4-52FF72173D4A}.Debug|Any CPU.ActiveCfg = Debug|Any CPU
		{818EDB03-ADBF-4CDC-BAA4-52FF72173D4A}.Debug|Any CPU.Build.0 = Debug|Any CPU
		{818EDB03-ADBF-4CDC-BAA4-52FF72173D4A}.Debug|x64.ActiveCfg = Debug|Any CPU
		{818EDB03-ADBF-4CDC-BAA4-52FF72173D4A}.Debug|x64.Build.0 = Debug|Any CPU
		{818EDB03-ADBF-4CDC-BAA4-52FF72173D4A}.Debug|x86.ActiveCfg = Debug|Any CPU
		{818EDB03-ADBF-4CDC-BAA4-52FF72173D4A}.Debug|x86.Build.0 = Debug|Any CPU
		{818EDB03-ADBF-4CDC-BAA4-52FF72173D4A}.Release|Any CPU.ActiveCfg = Release|Any CPU
		{818EDB03-ADBF-4CDC-BAA4-52FF72173D4A}.Release|Any CPU.Build.0 = Release|Any CPU
		{818EDB03-ADBF-4CDC-BAA4-52FF72173D4A}.Release|x64.ActiveCfg = Release|Any CPU
		{818EDB03-ADBF-4CDC-BAA4-52FF72173D4A}.Release|x64.Build.0 = Release|Any CPU
		{818EDB03-ADBF-4CDC-BAA4-52FF72173D4A}.Release|x86.ActiveCfg = Release|Any CPU
		{818EDB03-ADBF-4CDC-BAA4-52FF72173D4A}.Release|x86.Build.0 = Release|Any CPU
		{5CFC1219-06F1-4C51-B638-65BDF3D76244}.Debug|Any CPU.ActiveCfg = Debug|Any CPU
		{5CFC1219-06F1-4C51-B638-65BDF3D76244}.Debug|Any CPU.Build.0 = Debug|Any CPU
		{5CFC1219-06F1-4C51-B638-65BDF3D76244}.Debug|x64.ActiveCfg = Debug|Any CPU
		{5CFC1219-06F1-4C51-B638-65BDF3D76244}.Debug|x64.Build.0 = Debug|Any CPU
		{5CFC1219-06F1-4C51-B638-65BDF3D76244}.Debug|x86.ActiveCfg = Debug|Any CPU
		{5CFC1219-06F1-4C51-B638-65BDF3D76244}.Debug|x86.Build.0 = Debug|Any CPU
		{5CFC1219-06F1-4C51-B638-65BDF3D76244}.Release|Any CPU.ActiveCfg = Release|Any CPU
		{5CFC1219-06F1-4C51-B638-65BDF3D76244}.Release|Any CPU.Build.0 = Release|Any CPU
		{5CFC1219-06F1-4C51-B638-65BDF3D76244}.Release|x64.ActiveCfg = Release|Any CPU
		{5CFC1219-06F1-4C51-B638-65BDF3D76244}.Release|x64.Build.0 = Release|Any CPU
		{5CFC1219-06F1-4C51-B638-65BDF3D76244}.Release|x86.ActiveCfg = Release|Any CPU
		{5CFC1219-06F1-4C51-B638-65BDF3D76244}.Release|x86.Build.0 = Release|Any CPU
	EndGlobalSection
EndGlobal
